
Microsoft Visual Studio Solution File, Format Version 12.00
# Visual Studio Version 16
VisualStudioVersion = 16.0.30114.105
MinimumVisualStudioVersion = 10.0.40219.1
Project("{9A19103F-16F7-4668-BE54-9A1E7A4F7556}") = "SCConfigDB", "SCConfigDB\SCConfigDB.csproj", "{0C1D4E35-31B9-4661-A05C-88F375BB5A52}"
EndProject
Project("{9A19103F-16F7-4668-BE54-9A1E7A4F7556}") = "TestApplication", "TestApplication\TestApplication.csproj", "{C68CF7E5-B7E7-4057-90D5-C7AC4909A39A}"
EndProject
Project("{2150E333-8FDC-42A3-9474-1A3956D46DE8}") = "database", "database", "{9CDA4433-1379-4583-AB6C-C9B8C3466D99}"
	ProjectSection(SolutionItems) = preProject
		..\database\config.json = ..\database\config.json
	EndProjectSection
EndProject
Project("{2150E333-8FDC-42A3-9474-1A3956D46DE8}") = "uk-UA", "uk-UA", "{B7216E2A-6158-4D34-BAE2-B7926DB1E5F6}"
	ProjectSection(SolutionItems) = preProject
		..\database\uk-UA\config.json = ..\database\uk-UA\config.json
	EndProjectSection
EndProject
Project("{2150E333-8FDC-42A3-9474-1A3956D46DE8}") = "schemas", "schemas", "{630E07B4-7A51-4F4B-A0B5-EB39FA85AF12}"
	ProjectSection(SolutionItems) = preProject
		..\schema.json = ..\schema.json
		..\schema_translate.json = ..\schema_translate.json
	EndProjectSection
EndProject
Project("{2150E333-8FDC-42A3-9474-1A3956D46DE8}") = "ru-RU", "ru-RU", "{1311D6D4-8F6D-49A5-B7E0-0B8A0FAC3DBF}"
	ProjectSection(SolutionItems) = preProject
		..\database\ru-RU\config.json = ..\database\ru-RU\config.json
	EndProjectSection
EndProject
Global
	GlobalSection(SolutionConfigurationPlatforms) = preSolution
		Debug|Any CPU = Debug|Any CPU
		Release|Any CPU = Release|Any CPU
	EndGlobalSection
	GlobalSection(ProjectConfigurationPlatforms) = postSolution
		{0C1D4E35-31B9-4661-A05C-88F375BB5A52}.Debug|Any CPU.ActiveCfg = Debug|Any CPU
		{0C1D4E35-31B9-4661-A05C-88F375BB5A52}.Debug|Any CPU.Build.0 = Debug|Any CPU
		{0C1D4E35-31B9-4661-A05C-88F375BB5A52}.Release|Any CPU.ActiveCfg = Release|Any CPU
		{0C1D4E35-31B9-4661-A05C-88F375BB5A52}.Release|Any CPU.Build.0 = Release|Any CPU
		{C68CF7E5-B7E7-4057-90D5-C7AC4909A39A}.Debug|Any CPU.ActiveCfg = Debug|Any CPU
		{C68CF7E5-B7E7-4057-90D5-C7AC4909A39A}.Debug|Any CPU.Build.0 = Debug|Any CPU
		{C68CF7E5-B7E7-4057-90D5-C7AC4909A39A}.Release|Any CPU.ActiveCfg = Release|Any CPU
		{C68CF7E5-B7E7-4057-90D5-C7AC4909A39A}.Release|Any CPU.Build.0 = Release|Any CPU
	EndGlobalSection
	GlobalSection(SolutionProperties) = preSolution
		HideSolutionNode = FALSE
	EndGlobalSection
	GlobalSection(NestedProjects) = preSolution
		{B7216E2A-6158-4D34-BAE2-B7926DB1E5F6} = {9CDA4433-1379-4583-AB6C-C9B8C3466D99}
		{1311D6D4-8F6D-49A5-B7E0-0B8A0FAC3DBF} = {9CDA4433-1379-4583-AB6C-C9B8C3466D99}
	EndGlobalSection
	GlobalSection(ExtensibilityGlobals) = postSolution
		SolutionGuid = {2E86E540-1B8C-4D28-813F-E1650F9249B0}
	EndGlobalSection
EndGlobal
